
Microsoft Visual Studio Solution File, Format Version 12.00
# Visual Studio Version 17
VisualStudioVersion = 17.8.34525.116
MinimumVisualStudioVersion = 10.0.40219.1
Project("{2150E333-8FDC-42A3-9474-1A3956D46DE8}") = "src", "src", "{EF1D3CCD-DA9A-4AAD-9E92-31D4912B4369}"
EndProject
Project("{2150E333-8FDC-42A3-9474-1A3956D46DE8}") = "Backend", "Backend", "{F2CEBC09-D338-492F-B4EA-466C3A4A294A}"
EndProject
Project("{2150E333-8FDC-42A3-9474-1A3956D46DE8}") = "common", "common", "{DB927736-E516-41DC-B47D-AB9B5BE36C72}"
EndProject
Project("{FAE04EC0-301F-11D3-BF4B-00C04F79EFBC}") = "ShopSol.Common.Data", "ShopSol.Common.Data\ShopSol.Common.Data.csproj", "{3EC35714-1C54-47ED-BEA4-5DC522534428}"
EndProject
Project("{2150E333-8FDC-42A3-9474-1A3956D46DE8}") = "Infraestructura", "Infraestructura", "{76D3E8E8-CE5B-4C28-ADD6-CBDAFA5CB61A}"
EndProject
Project("{FAE04EC0-301F-11D3-BF4B-00C04F79EFBC}") = "ShopSol.Infraestructura", "ShopSol.Infraestructura\ShopSol.Infraestructura.csproj", "{3B8216EF-8C3A-4AF7-BC49-64124FE4823D}"
EndProject
Project("{2150E333-8FDC-42A3-9474-1A3956D46DE8}") = "Modules", "Modules", "{8539E06D-82DA-4C07-9920-EF8D49CD25D3}"
EndProject
Project("{2150E333-8FDC-42A3-9474-1A3956D46DE8}") = "ProductManagement", "ProductManagement", "{6150011B-3051-4989-BF19-94FB4F0B6481}"
EndProject
Project("{2150E333-8FDC-42A3-9474-1A3956D46DE8}") = "SupplierManagement", "SupplierManagement", "{273CF053-71DF-467D-AD63-31E151EF28D6}"
EndProject
Project("{2150E333-8FDC-42A3-9474-1A3956D46DE8}") = "Apis", "Apis", "{EDB10AC4-C4C8-4A87-A872-4E570D8F5070}"
EndProject
Project("{2150E333-8FDC-42A3-9474-1A3956D46DE8}") = "Application", "Application", "{B77EE850-3530-4D96-A1B1-626403B1D774}"
EndProject
Project("{2150E333-8FDC-42A3-9474-1A3956D46DE8}") = "Domain", "Domain", "{DF8B58DD-3D76-4BCE-96AB-CFA91D15ABA6}"
EndProject
Project("{2150E333-8FDC-42A3-9474-1A3956D46DE8}") = "Persistence", "Persistence", "{A698B207-75DD-4AA6-B18B-364F4AA3A636}"
EndProject
Project("{2150E333-8FDC-42A3-9474-1A3956D46DE8}") = "FrontEnd", "FrontEnd", "{2E244FCA-998C-495E-AAA5-A2D774CE80F6}"
EndProject
Global
	GlobalSection(SolutionConfigurationPlatforms) = preSolution
		Debug|Any CPU = Debug|Any CPU
		Release|Any CPU = Release|Any CPU
	EndGlobalSection
	GlobalSection(ProjectConfigurationPlatforms) = postSolution
		{3EC35714-1C54-47ED-BEA4-5DC522534428}.Debug|Any CPU.ActiveCfg = Debug|Any CPU
		{3EC35714-1C54-47ED-BEA4-5DC522534428}.Debug|Any CPU.Build.0 = Debug|Any CPU
		{3EC35714-1C54-47ED-BEA4-5DC522534428}.Release|Any CPU.ActiveCfg = Release|Any CPU
		{3EC35714-1C54-47ED-BEA4-5DC522534428}.Release|Any CPU.Build.0 = Release|Any CPU
		{3B8216EF-8C3A-4AF7-BC49-64124FE4823D}.Debug|Any CPU.ActiveCfg = Debug|Any CPU
		{3B8216EF-8C3A-4AF7-BC49-64124FE4823D}.Debug|Any CPU.Build.0 = Debug|Any CPU
		{3B8216EF-8C3A-4AF7-BC49-64124FE4823D}.Release|Any CPU.ActiveCfg = Release|Any CPU
		{3B8216EF-8C3A-4AF7-BC49-64124FE4823D}.Release|Any CPU.Build.0 = Release|Any CPU
	EndGlobalSection
	GlobalSection(SolutionProperties) = preSolution
		HideSolutionNode = FALSE
	EndGlobalSection
	GlobalSection(NestedProjects) = preSolution
		{F2CEBC09-D338-492F-B4EA-466C3A4A294A} = {EF1D3CCD-DA9A-4AAD-9E92-31D4912B4369}
		{DB927736-E516-41DC-B47D-AB9B5BE36C72} = {F2CEBC09-D338-492F-B4EA-466C3A4A294A}
		{3EC35714-1C54-47ED-BEA4-5DC522534428} = {DB927736-E516-41DC-B47D-AB9B5BE36C72}
		{76D3E8E8-CE5B-4C28-ADD6-CBDAFA5CB61A} = {F2CEBC09-D338-492F-B4EA-466C3A4A294A}
		{3B8216EF-8C3A-4AF7-BC49-64124FE4823D} = {76D3E8E8-CE5B-4C28-ADD6-CBDAFA5CB61A}
		{8539E06D-82DA-4C07-9920-EF8D49CD25D3} = {F2CEBC09-D338-492F-B4EA-466C3A4A294A}
		{6150011B-3051-4989-BF19-94FB4F0B6481} = {8539E06D-82DA-4C07-9920-EF8D49CD25D3}
		{273CF053-71DF-467D-AD63-31E151EF28D6} = {8539E06D-82DA-4C07-9920-EF8D49CD25D3}
		{EDB10AC4-C4C8-4A87-A872-4E570D8F5070} = {273CF053-71DF-467D-AD63-31E151EF28D6}
		{B77EE850-3530-4D96-A1B1-626403B1D774} = {273CF053-71DF-467D-AD63-31E151EF28D6}
		{DF8B58DD-3D76-4BCE-96AB-CFA91D15ABA6} = {273CF053-71DF-467D-AD63-31E151EF28D6}
		{A698B207-75DD-4AA6-B18B-364F4AA3A636} = {273CF053-71DF-467D-AD63-31E151EF28D6}
		{2E244FCA-998C-495E-AAA5-A2D774CE80F6} = {EF1D3CCD-DA9A-4AAD-9E92-31D4912B4369}
	EndGlobalSection
	GlobalSection(ExtensibilityGlobals) = postSolution
		SolutionGuid = {4110E8D8-F242-4471-8029-5BBC7B705FFB}
	EndGlobalSection
EndGlobal
