
Microsoft Visual Studio Solution File, Format Version 12.00
# Visual Studio Version 17
VisualStudioVersion = 17.8.34525.116
MinimumVisualStudioVersion = 10.0.40219.1
Project("{2150E333-8FDC-42A3-9474-1A3956D46DE8}") = "src", "src", "{EF1D3CCD-DA9A-4AAD-9E92-31D4912B4369}"
EndProject
Project("{2150E333-8FDC-42A3-9474-1A3956D46DE8}") = "Backend", "Backend", "{F2CEBC09-D338-492F-B4EA-466C3A4A294A}"
EndProject
Project("{9A19103F-16F7-4668-BE54-9A1E7A4F7556}") = "ShopSol.Common.Data", "ShopSol.Common.Data\ShopSol.Common.Data.csproj", "{3EC35714-1C54-47ED-BEA4-5DC522534428}"
EndProject
Project("{9A19103F-16F7-4668-BE54-9A1E7A4F7556}") = "ShopSol.Infraestructura", "ShopSol.Infraestructura\ShopSol.Infraestructura.csproj", "{3B8216EF-8C3A-4AF7-BC49-64124FE4823D}"
EndProject
Project("{2150E333-8FDC-42A3-9474-1A3956D46DE8}") = "FrontEnd", "FrontEnd", "{2E244FCA-998C-495E-AAA5-A2D774CE80F6}"
EndProject
Project("{9A19103F-16F7-4668-BE54-9A1E7A4F7556}") = "ShopSol.Domain", "ShopSol.Domain\ShopSol.Domain.csproj", "{3627A0ED-701E-4546-BCF3-90DD1E8C315D}"
EndProject
Project("{9A19103F-16F7-4668-BE54-9A1E7A4F7556}") = "ShopSol.Aplication", "ShopSol.Aplication\ShopSol.Aplication.csproj", "{812B8ED6-61DE-4364-926C-21176C56FC5F}"
EndProject
Project("{FAE04EC0-301F-11D3-BF4B-00C04F79EFBC}") = "ShopSol.Persistence", "ShopSol.Persistence\ShopSol.Persistence.csproj", "{431B77EE-AC6A-43EE-8D18-B25A43AABBE5}"
EndProject
Global
	GlobalSection(SolutionConfigurationPlatforms) = preSolution
		Debug|Any CPU = Debug|Any CPU
		Release|Any CPU = Release|Any CPU
	EndGlobalSection
	GlobalSection(ProjectConfigurationPlatforms) = postSolution
		{3EC35714-1C54-47ED-BEA4-5DC522534428}.Debug|Any CPU.ActiveCfg = Debug|Any CPU
		{3EC35714-1C54-47ED-BEA4-5DC522534428}.Debug|Any CPU.Build.0 = Debug|Any CPU
		{3EC35714-1C54-47ED-BEA4-5DC522534428}.Release|Any CPU.ActiveCfg = Release|Any CPU
		{3EC35714-1C54-47ED-BEA4-5DC522534428}.Release|Any CPU.Build.0 = Release|Any CPU
		{3B8216EF-8C3A-4AF7-BC49-64124FE4823D}.Debug|Any CPU.ActiveCfg = Debug|Any CPU
		{3B8216EF-8C3A-4AF7-BC49-64124FE4823D}.Debug|Any CPU.Build.0 = Debug|Any CPU
		{3B8216EF-8C3A-4AF7-BC49-64124FE4823D}.Release|Any CPU.ActiveCfg = Release|Any CPU
		{3B8216EF-8C3A-4AF7-BC49-64124FE4823D}.Release|Any CPU.Build.0 = Release|Any CPU
		{3627A0ED-701E-4546-BCF3-90DD1E8C315D}.Debug|Any CPU.ActiveCfg = Debug|Any CPU
		{3627A0ED-701E-4546-BCF3-90DD1E8C315D}.Debug|Any CPU.Build.0 = Debug|Any CPU
		{3627A0ED-701E-4546-BCF3-90DD1E8C315D}.Release|Any CPU.ActiveCfg = Release|Any CPU
		{3627A0ED-701E-4546-BCF3-90DD1E8C315D}.Release|Any CPU.Build.0 = Release|Any CPU
		{812B8ED6-61DE-4364-926C-21176C56FC5F}.Debug|Any CPU.ActiveCfg = Debug|Any CPU
		{812B8ED6-61DE-4364-926C-21176C56FC5F}.Debug|Any CPU.Build.0 = Debug|Any CPU
		{812B8ED6-61DE-4364-926C-21176C56FC5F}.Release|Any CPU.ActiveCfg = Release|Any CPU
		{812B8ED6-61DE-4364-926C-21176C56FC5F}.Release|Any CPU.Build.0 = Release|Any CPU
		{431B77EE-AC6A-43EE-8D18-B25A43AABBE5}.Debug|Any CPU.ActiveCfg = Debug|Any CPU
		{431B77EE-AC6A-43EE-8D18-B25A43AABBE5}.Debug|Any CPU.Build.0 = Debug|Any CPU
		{431B77EE-AC6A-43EE-8D18-B25A43AABBE5}.Release|Any CPU.ActiveCfg = Release|Any CPU
		{431B77EE-AC6A-43EE-8D18-B25A43AABBE5}.Release|Any CPU.Build.0 = Release|Any CPU
	EndGlobalSection
	GlobalSection(SolutionProperties) = preSolution
		HideSolutionNode = FALSE
	EndGlobalSection
	GlobalSection(NestedProjects) = preSolution
		{F2CEBC09-D338-492F-B4EA-466C3A4A294A} = {EF1D3CCD-DA9A-4AAD-9E92-31D4912B4369}
		{3EC35714-1C54-47ED-BEA4-5DC522534428} = {F2CEBC09-D338-492F-B4EA-466C3A4A294A}
		{3B8216EF-8C3A-4AF7-BC49-64124FE4823D} = {F2CEBC09-D338-492F-B4EA-466C3A4A294A}
		{2E244FCA-998C-495E-AAA5-A2D774CE80F6} = {EF1D3CCD-DA9A-4AAD-9E92-31D4912B4369}
		{3627A0ED-701E-4546-BCF3-90DD1E8C315D} = {F2CEBC09-D338-492F-B4EA-466C3A4A294A}
		{812B8ED6-61DE-4364-926C-21176C56FC5F} = {F2CEBC09-D338-492F-B4EA-466C3A4A294A}
		{431B77EE-AC6A-43EE-8D18-B25A43AABBE5} = {F2CEBC09-D338-492F-B4EA-466C3A4A294A}
	EndGlobalSection
	GlobalSection(ExtensibilityGlobals) = postSolution
		SolutionGuid = {4110E8D8-F242-4471-8029-5BBC7B705FFB}
	EndGlobalSection
EndGlobal
